
Microsoft Visual Studio Solution File, Format Version 12.00
# Visual Studio Version 17
VisualStudioVersion = 17.4.33103.184
MinimumVisualStudioVersion = 10.0.40219.1
Project("{FAE04EC0-301F-11D3-BF4B-00C04F79EFBC}") = "DPFlyweightProject", "DPFlyweightProject\DPFlyweightProject.csproj", "{EE3026CD-A8BF-4388-B7B6-F9FBF1C8781C}"
EndProject
Global
	GlobalSection(SolutionConfigurationPlatforms) = preSolution
		Debug|Any CPU = Debug|Any CPU
		Release|Any CPU = Release|Any CPU
	EndGlobalSection
	GlobalSection(ProjectConfigurationPlatforms) = postSolution
		{EE3026CD-A8BF-4388-B7B6-F9FBF1C8781C}.Debug|Any CPU.ActiveCfg = Debug|Any CPU
		{EE3026CD-A8BF-4388-B7B6-F9FBF1C8781C}.Debug|Any CPU.Build.0 = Debug|Any CPU
		{EE3026CD-A8BF-4388-B7B6-F9FBF1C8781C}.Release|Any CPU.ActiveCfg = Release|Any CPU
		{EE3026CD-A8BF-4388-B7B6-F9FBF1C8781C}.Release|Any CPU.Build.0 = Release|Any CPU
	EndGlobalSection
	GlobalSection(SolutionProperties) = preSolution
		HideSolutionNode = FALSE
	EndGlobalSection
	GlobalSection(ExtensibilityGlobals) = postSolution
		SolutionGuid = {57AE77BC-328C-4DB4-82F9-B05502A0FBDF}
	EndGlobalSection
EndGlobal
